
Microsoft Visual Studio Solution File, Format Version 12.00
# Visual Studio Version 17
VisualStudioVersion = 17.8.34525.116
MinimumVisualStudioVersion = 10.0.40219.1
Project("{FAE04EC0-301F-11D3-BF4B-00C04F79EFBC}") = "ConsoleUI", "ConsoleUI\ConsoleUI.csproj", "{A46F2FFF-4B06-47A5-B9A5-17502982FB19}"
EndProject
Global
	GlobalSection(SolutionConfigurationPlatforms) = preSolution
		Debug|Any CPU = Debug|Any CPU
		Release|Any CPU = Release|Any CPU
	EndGlobalSection
	GlobalSection(ProjectConfigurationPlatforms) = postSolution
		{A46F2FFF-4B06-47A5-B9A5-17502982FB19}.Debug|Any CPU.ActiveCfg = Debug|Any CPU
		{A46F2FFF-4B06-47A5-B9A5-17502982FB19}.Debug|Any CPU.Build.0 = Debug|Any CPU
		{A46F2FFF-4B06-47A5-B9A5-17502982FB19}.Release|Any CPU.ActiveCfg = Release|Any CPU
		{A46F2FFF-4B06-47A5-B9A5-17502982FB19}.Release|Any CPU.Build.0 = Release|Any CPU
	EndGlobalSection
	GlobalSection(SolutionProperties) = preSolution
		HideSolutionNode = FALSE
	EndGlobalSection
	GlobalSection(ExtensibilityGlobals) = postSolution
		SolutionGuid = {178BB3B4-2D95-49CD-94BE-7C4064B70E1C}
	EndGlobalSection
EndGlobal
